
Microsoft Visual Studio Solution File, Format Version 12.00
# Visual Studio Version 16
VisualStudioVersion = 16.0.29215.179
MinimumVisualStudioVersion = 10.0.40219.1
Project("{FAE04EC0-301F-11D3-BF4B-00C04F79EFBC}") = "ExamenRubenPrimerParcial", "ExamenRubenPrimerParcial\ExamenRubenPrimerParcial.csproj", "{6D793BBB-2461-4C08-A45C-087B1755E259}"
EndProject
Global
	GlobalSection(SolutionConfigurationPlatforms) = preSolution
		Debug|Any CPU = Debug|Any CPU
		Release|Any CPU = Release|Any CPU
	EndGlobalSection
	GlobalSection(ProjectConfigurationPlatforms) = postSolution
		{6D793BBB-2461-4C08-A45C-087B1755E259}.Debug|Any CPU.ActiveCfg = Debug|Any CPU
		{6D793BBB-2461-4C08-A45C-087B1755E259}.Debug|Any CPU.Build.0 = Debug|Any CPU
		{6D793BBB-2461-4C08-A45C-087B1755E259}.Release|Any CPU.ActiveCfg = Release|Any CPU
		{6D793BBB-2461-4C08-A45C-087B1755E259}.Release|Any CPU.Build.0 = Release|Any CPU
	EndGlobalSection
	GlobalSection(SolutionProperties) = preSolution
		HideSolutionNode = FALSE
	EndGlobalSection
	GlobalSection(ExtensibilityGlobals) = postSolution
		SolutionGuid = {38B35CA6-CD99-4A21-B829-BE89EBF7EB5D}
	EndGlobalSection
EndGlobal
